
Microsoft Visual Studio Solution File, Format Version 12.00
# Visual Studio Version 16
VisualStudioVersion = 16.0.36631.11
MinimumVisualStudioVersion = 10.0.40219.1
Project("{9A19103F-16F7-4668-BE54-9A1E7A4F7556}") = "APIRest", "WebApplication3\APIRest.csproj", "{BE451D00-E95B-49E1-8138-E677751D899D}"
EndProject
Project("{9A19103F-16F7-4668-BE54-9A1E7A4F7556}") = "Front", "Front\Front.csproj", "{9A73ACB0-AD6A-4F91-9655-9D860B8E838C}"
EndProject
Global
	GlobalSection(SolutionConfigurationPlatforms) = preSolution
		Debug|Any CPU = Debug|Any CPU
		Release|Any CPU = Release|Any CPU
	EndGlobalSection
	GlobalSection(ProjectConfigurationPlatforms) = postSolution
		{BE451D00-E95B-49E1-8138-E677751D899D}.Debug|Any CPU.ActiveCfg = Debug|Any CPU
		{BE451D00-E95B-49E1-8138-E677751D899D}.Debug|Any CPU.Build.0 = Debug|Any CPU
		{BE451D00-E95B-49E1-8138-E677751D899D}.Release|Any CPU.ActiveCfg = Release|Any CPU
		{BE451D00-E95B-49E1-8138-E677751D899D}.Release|Any CPU.Build.0 = Release|Any CPU
		{9A73ACB0-AD6A-4F91-9655-9D860B8E838C}.Debug|Any CPU.ActiveCfg = Debug|Any CPU
		{9A73ACB0-AD6A-4F91-9655-9D860B8E838C}.Debug|Any CPU.Build.0 = Debug|Any CPU
		{9A73ACB0-AD6A-4F91-9655-9D860B8E838C}.Release|Any CPU.ActiveCfg = Release|Any CPU
		{9A73ACB0-AD6A-4F91-9655-9D860B8E838C}.Release|Any CPU.Build.0 = Release|Any CPU
	EndGlobalSection
	GlobalSection(SolutionProperties) = preSolution
		HideSolutionNode = FALSE
	EndGlobalSection
	GlobalSection(ExtensibilityGlobals) = postSolution
		SolutionGuid = {2E4BFB0B-D2BD-47E8-9D2C-A54B23E4CC21}
	EndGlobalSection
EndGlobal
